
Microsoft Visual Studio Solution File, Format Version 12.00
# Visual Studio Version 17
VisualStudioVersion = 17.11.35327.3
MinimumVisualStudioVersion = 10.0.40219.1
Project("{FAE04EC0-301F-11D3-BF4B-00C04F79EFBC}") = "Servidor", "Servidor\Servidor.csproj", "{F4C02CBE-7351-4AAD-A4A3-408A81C2062A}"
EndProject
Project("{FAE04EC0-301F-11D3-BF4B-00C04F79EFBC}") = "Cliente", "Cliente\Cliente.csproj", "{6819C6DC-7616-4084-9F99-F1FF75E0B0EF}"
EndProject
Global
	GlobalSection(SolutionConfigurationPlatforms) = preSolution
		Debug|Any CPU = Debug|Any CPU
		Release|Any CPU = Release|Any CPU
	EndGlobalSection
	GlobalSection(ProjectConfigurationPlatforms) = postSolution
		{F4C02CBE-7351-4AAD-A4A3-408A81C2062A}.Debug|Any CPU.ActiveCfg = Debug|Any CPU
		{F4C02CBE-7351-4AAD-A4A3-408A81C2062A}.Debug|Any CPU.Build.0 = Debug|Any CPU
		{F4C02CBE-7351-4AAD-A4A3-408A81C2062A}.Release|Any CPU.ActiveCfg = Release|Any CPU
		{F4C02CBE-7351-4AAD-A4A3-408A81C2062A}.Release|Any CPU.Build.0 = Release|Any CPU
		{6819C6DC-7616-4084-9F99-F1FF75E0B0EF}.Debug|Any CPU.ActiveCfg = Debug|Any CPU
		{6819C6DC-7616-4084-9F99-F1FF75E0B0EF}.Debug|Any CPU.Build.0 = Debug|Any CPU
		{6819C6DC-7616-4084-9F99-F1FF75E0B0EF}.Release|Any CPU.ActiveCfg = Release|Any CPU
		{6819C6DC-7616-4084-9F99-F1FF75E0B0EF}.Release|Any CPU.Build.0 = Release|Any CPU
	EndGlobalSection
	GlobalSection(SolutionProperties) = preSolution
		HideSolutionNode = FALSE
	EndGlobalSection
	GlobalSection(ExtensibilityGlobals) = postSolution
		SolutionGuid = {8C634292-B88C-418D-B21C-105620845942}
	EndGlobalSection
EndGlobal
